{
    "name": "jakec",
    "version": "0.0.0",
    "lockfileVersion": 2,
    "requires": true,
    "packages": {
        "": {
            "name": "jakec",
            "version": "0.0.0",
            "license": "UNLICENSED",
            "dependencies": {
                "binaryen": "^111.0.0"
            }
        },
        "node_modules/binaryen": {
            "version": "111.0.0",
            "resolved": "https://registry.npmjs.org/binaryen/-/binaryen-111.0.0.tgz",
            "integrity": "sha512-PEXOSHFO85aj1aP4t+KGzvxQ00qXbjCysWlsDjlGkP1e9owNiYdpEkLej21Ax8LDD7xJ01rEmJDqZ/JPoW2GXw==",
            "bin": {
                "wasm-opt": "bin/wasm-opt",
                "wasm2js": "bin/wasm2js"
            }
        }
    },
    "dependencies": {
        "binaryen": {
            "version": "111.0.0",
            "resolved": "https://registry.npmjs.org/binaryen/-/binaryen-111.0.0.tgz",
            "integrity": "sha512-PEXOSHFO85aj1aP4t+KGzvxQ00qXbjCysWlsDjlGkP1e9owNiYdpEkLej21Ax8LDD7xJ01rEmJDqZ/JPoW2GXw=="
        }
    }
}
